<Solution>
  <Folder Name="/src/">
    <Project Path="src/Emissary/Emissary.csproj" />
    <Project Path="src/Emissary.SourceGenerators/Emissary.SourceGenerators.csproj" />
    <Project Path="src/Emissary.Testing/Emissary.Testing.csproj" />
    <Project Path="src/Emissary.AspNetCore/Emissary.AspNetCore.csproj" />
    <Project Path="src/Emissary.Extensions.AI/Emissary.Extensions.AI.csproj" />
    <Project Path="src/Emissary.Mcp/Emissary.Mcp.csproj" />
    <Project Path="src/Emissary.Sqlite/Emissary.Sqlite.csproj" />
    <Project Path="src/Emissary.OpenApi/Emissary.OpenApi.csproj" />
  </Folder>
  <Folder Name="/tests/">
    <Project Path="tests/Emissary.Tests/Emissary.Tests.csproj" />
    <Project Path="tests/Emissary.AotProof/Emissary.AotProof.csproj" />
    <Project Path="tests/Emissary.LiveSmoke/Emissary.LiveSmoke.csproj" />
  </Folder>
  <Folder Name="/benchmarks/">
    <Project Path="benchmarks/Emissary.Benchmarks/Emissary.Benchmarks.csproj" />
  </Folder>
  <Folder Name="/samples/">
    <Project Path="samples/01-HelloTool/HelloTool.csproj" />
    <Project Path="samples/02-StreamingChat/StreamingChat.csproj" />
    <Project Path="samples/03-TypedOutputs/TypedOutputs.csproj" />
    <Project Path="samples/04-RecordReplay/RecordReplay.csproj" />
    <Project Path="samples/05-SupportDesk/SupportDesk.csproj" />
    <Project Path="samples/06-ZeroTrustAgent/ZeroTrustAgent.csproj" />
    <Project Path="samples/07-WebApi/WebApi.csproj" />
    <Project Path="samples/08-McpServer/McpServer.csproj" />
    <Project Path="samples/10-InjectedTools/InjectedTools.csproj" />
    <Project Path="samples/11-OpenApiTools/OpenApiTools.csproj" />
  </Folder>
</Solution>
